// !$*UTF8*$!
{
	archiveVersion = 1;
	classes = {
	};
	objectVersion = 50;
	objects = {

/* Begin PBXBuildFile section */
		1E942DA020D7D6DA00C9F5AD /* AppDelegate.swift in Sources */ = {isa = PBXBuildFile; fileRef = 1E942D9F20D7D6DA00C9F5AD /* AppDelegate.swift */; };
		1E942DA220D7D6DA00C9F5AD /* ViewController.swift in Sources */ = {isa = PBXBuildFile; fileRef = 1E942DA120D7D6DA00C9F5AD /* ViewController.swift */; };
		1E942DA520D7D6DA00C9F5AD /* Main.storyboard in Resources */ = {isa = PBXBuildFile; fileRef = 1E942DA320D7D6DA00C9F5AD /* Main.storyboard */; };
		1E942DA720D7D6DB00C9F5AD /* Assets.xcassets in Resources */ = {isa = PBXBuildFile; fileRef = 1E942DA620D7D6DB00C9F5AD /* Assets.xcassets */; };
		1E942DAA20D7D6DB00C9F5AD /* LaunchScreen.storyboard in Resources */ = {isa = PBXBuildFile; fileRef = 1E942DA820D7D6DB00C9F5AD /* LaunchScreen.storyboard */; };
		1E942DB520D7D6DB00C9F5AD /* ZWeatherAppTests.swift in Sources */ = {isa = PBXBuildFile; fileRef = 1E942DB420D7D6DB00C9F5AD /* ZWeatherAppTests.swift */; };
		1E942DC020D7D6DB00C9F5AD /* ZWeatherAppUITests.swift in Sources */ = {isa = PBXBuildFile; fileRef = 1E942DBF20D7D6DB00C9F5AD /* ZWeatherAppUITests.swift */; };
/* End PBXBuildFile section */

/* Begin PBXContainerItemProxy section */
		1E942DB120D7D6DB00C9F5AD /* PBXContainerItemProxy */ = {
			isa = PBXContainerItemProxy;
			containerPortal = 1E942D9420D7D6D900C9F5AD /* Project object */;
			proxyType = 1;
			remoteGlobalIDString = 1E942D9B20D7D6D900C9F5AD;
			remoteInfo = ZWeatherApp;
		};
		1E942DBC20D7D6DB00C9F5AD /* PBXContainerItemProxy */ = {
			isa = PBXContainerItemProxy;
			containerPortal = 1E942D9420D7D6D900C9F5AD /* Project object */;
			proxyType = 1;
			remoteGlobalIDString = 1E942D9B20D7D6D900C9F5AD;
			remoteInfo = ZWeatherApp;
		};
/* End PBXContainerItemProxy section */

/* Begin PBXFileReference section */
		1E942D9C20D7D6D900C9F5AD /* ZWeatherApp.app */ = {isa = PBXFileReference; explicitFileType = wrapper.application; includeInIndex = 0; path = ZWeatherApp.app; sourceTree = BUILT_PRODUCTS_DIR; };
		1E942D9F20D7D6DA00C9F5AD /* AppDelegate.swift */ = {isa = PBXFileReference; lastKnownFileType = sourcecode.swift; path = AppDelegate.swift; sourceTree = "<group>"; };
		1E942DA120D7D6DA00C9F5AD /* ViewController.swift */ = {isa = PBXFileReference; lastKnownFileType = sourcecode.swift; path = ViewController.swift; sourceTree = "<group>"; };
		1E942DA420D7D6DA00C9F5AD /* Base */ = {isa = PBXFileReference; lastKnownFileType = file.storyboard; name = Base; path = Base.lproj/Main.storyboard; sourceTree = "<group>"; };
		1E942DA620D7D6DB00C9F5AD /* Assets.xcassets */ = {isa = PBXFileReference; lastKnownFileType = folder.assetcatalog; path = Assets.xcassets; sourceTree = "<group>"; };
		1E942DA920D7D6DB00C9F5AD /* Base */ = {isa = PBXFileReference; lastKnownFileType = file.storyboard; name = Base; path = Base.lproj/LaunchScreen.storyboard; sourceTree = "<group>"; };
		1E942DAB20D7D6DB00C9F5AD /* Info.plist */ = {isa = PBXFileReference; lastKnownFileType = text.plist.xml; path = Info.plist; sourceTree = "<group>"; };
		1E942DB020D7D6DB00C9F5AD /* ZWeatherAppTests.xctest */ = {isa = PBXFileReference; explicitFileType = wrapper.cfbundle; includeInIndex = 0; path = ZWeatherAppTests.xctest; sourceTree = BUILT_PRODUCTS_DIR; };
		1E942DB420D7D6DB00C9F5AD /* ZWeatherAppTests.swift */ = {isa = PBXFileReference; lastKnownFileType = sourcecode.swift; path = ZWeatherAppTests.swift; sourceTree = "<group>"; };
		1E942DB620D7D6DB00C9F5AD /* Info.plist */ = {isa = PBXFileReference; lastKnownFileType = text.plist.xml; path = Info.plist; sourceTree = "<group>"; };
		1E942DBB20D7D6DB00C9F5AD /* ZWeatherAppUITests.xctest */ = {isa = PBXFileReference; explicitFileType = wrapper.cfbundle; includeInIndex = 0; path = ZWeatherAppUITests.xctest; sourceTree = BUILT_PRODUCTS_DIR; };
		1E942DBF20D7D6DB00C9F5AD /* ZWeatherAppUITests.swift */ = {isa = PBXFileReference; lastKnownFileType = sourcecode.swift; path = ZWeatherAppUITests.swift; sourceTree = "<group>"; };
		1E942DC120D7D6DB00C9F5AD /* Info.plist */ = {isa = PBXFileReference; lastKnownFileType = text.plist.xml; path = Info.plist; sourceTree = "<group>"; };
/* End PBXFileReference section */

/* Begin PBXFrameworksBuildPhase section */
		1E942D9920D7D6D900C9F5AD /* Frameworks */ = {
			isa = PBXFrameworksBuildPhase;
			buildActionMask = 2147483647;
			files = (
			);
			runOnlyForDeploymentPostprocessing = 0;
		};
		1E942DAD20D7D6DB00C9F5AD /* Frameworks */ = {
			isa = PBXFrameworksBuildPhase;
			buildActionMask = 2147483647;
			files = (
			);
			runOnlyForDeploymentPostprocessing = 0;
		};
		1E942DB820D7D6DB00C9F5AD /* Frameworks */ = {
			isa = PBXFrameworksBuildPhase;
			buildActionMask = 2147483647;
			files = (
			);
			runOnlyForDeploymentPostprocessing = 0;
		};
/* End PBXFrameworksBuildPhase section */

/* Begin PBXGroup section */
		1E942D9320D7D6D900C9F5AD = {
			isa = PBXGroup;
			children = (
				1E942D9E20D7D6D900C9F5AD /* ZWeatherApp */,
				1E942DB320D7D6DB00C9F5AD /* ZWeatherAppTests */,
				1E942DBE20D7D6DB00C9F5AD /* ZWeatherAppUITests */,
				1E942D9D20D7D6D900C9F5AD /* Products */,
			);
			sourceTree = "<group>";
		};
		1E942D9D20D7D6D900C9F5AD /* Products */ = {
			isa = PBXGroup;
			children = (
				1E942D9C20D7D6D900C9F5AD /* ZWeatherApp.app */,
				1E942DB020D7D6DB00C9F5AD /* ZWeatherAppTests.xctest */,
				1E942DBB20D7D6DB00C9F5AD /* ZWeatherAppUITests.xctest */,
			);
			name = Products;
			sourceTree = "<group>";
		};
		1E942D9E20D7D6D900C9F5AD /* ZWeatherApp */ = {
			isa = PBXGroup;
			children = (
				1E942D9F20D7D6DA00C9F5AD /* AppDelegate.swift */,
				1E942DA120D7D6DA00C9F5AD /* ViewController.swift */,
				1E942DA320D7D6DA00C9F5AD /* Main.storyboard */,
				1E942DA620D7D6DB00C9F5AD /* Assets.xcassets */,
				1E942DA820D7D6DB00C9F5AD /* LaunchScreen.storyboard */,
				1E942DAB20D7D6DB00C9F5AD /* Info.plist */,
			);
			path = ZWeatherApp;
			sourceTree = "<group>";
		};
		1E942DB320D7D6DB00C9F5AD /* ZWeatherAppTests */ = {
			isa = PBXGroup;
			children = (
				1E942DB420D7D6DB00C9F5AD /* ZWeatherAppTests.swift */,
				1E942DB620D7D6DB00C9F5AD /* Info.plist */,
			);
			path = ZWeatherAppTests;
			sourceTree = "<group>";
		};
		1E942DBE20D7D6DB00C9F5AD /* ZWeatherAppUITests */ = {
			isa = PBXGroup;
			children = (
				1E942DBF20D7D6DB00C9F5AD /* ZWeatherAppUITests.swift */,
				1E942DC120D7D6DB00C9F5AD /* Info.plist */,
			);
			path = ZWeatherAppUITests;
			sourceTree = "<group>";
		};
/* End PBXGroup section */

/* Begin PBXNativeTarget section */
		1E942D9B20D7D6D900C9F5AD /* ZWeatherApp */ = {
			isa = PBXNativeTarget;
			buildConfigurationList = 1E942DC420D7D6DB00C9F5AD /* Build configuration list for PBXNativeTarget "ZWeatherApp" */;
			buildPhases = (
				1E942D9820D7D6D900C9F5AD /* Sources */,
				1E942D9920D7D6D900C9F5AD /* Frameworks */,
				1E942D9A20D7D6D900C9F5AD /* Resources */,
			);
			buildRules = (
			);
			dependencies = (
			);
			name = ZWeatherApp;
			productName = ZWeatherApp;
			productReference = 1E942D9C20D7D6D900C9F5AD /* ZWeatherApp.app */;
			productType = "com.apple.product-type.application";
		};
		1E942DAF20D7D6DB00C9F5AD /* ZWeatherAppTests */ = {
			isa = PBXNativeTarget;
			buildConfigurationList = 1E942DC720D7D6DB00C9F5AD /* Build configuration list for PBXNativeTarget "ZWeatherAppTests" */;
			buildPhases = (
				1E942DAC20D7D6DB00C9F5AD /* Sources */,
				1E942DAD20D7D6DB00C9F5AD /* Frameworks */,
				1E942DAE20D7D6DB00C9F5AD /* Resources */,
			);
			buildRules = (
			);
			dependencies = (
				1E942DB220D7D6DB00C9F5AD /* PBXTargetDependency */,
			);
			name = ZWeatherAppTests;
			productName = ZWeatherAppTests;
			productReference = 1E942DB020D7D6DB00C9F5AD /* ZWeatherAppTests.xctest */;
			productType = "com.apple.product-type.bundle.unit-test";
		};
		1E942DBA20D7D6DB00C9F5AD /* ZWeatherAppUITests */ = {
			isa = PBXNativeTarget;
			buildConfigurationList = 1E942DCA20D7D6DB00C9F5AD /* Build configuration list for PBXNativeTarget "ZWeatherAppUITests" */;
			buildPhases = (
				1E942DB720D7D6DB00C9F5AD /* Sources */,
				1E942DB820D7D6DB00C9F5AD /* Frameworks */,
				1E942DB920D7D6DB00C9F5AD /* Resources */,
			);
			buildRules = (
			);
			dependencies = (
				1E942DBD20D7D6DB00C9F5AD /* PBXTargetDependency */,
			);
			name = ZWeatherAppUITests;
			productName = ZWeatherAppUITests;
			productReference = 1E942DBB20D7D6DB00C9F5AD /* ZWeatherAppUITests.xctest */;
			productType = "com.apple.product-type.bundle.ui-testing";
		};
/* End PBXNativeTarget section */

/* Begin PBXProject section */
		1E942D9420D7D6D900C9F5AD /* Project object */ = {
			isa = PBXProject;
			attributes = {
				LastSwiftUpdateCheck = 0940;
				LastUpgradeCheck = 0940;
				ORGANIZATIONNAME = "李仲澄";
				TargetAttributes = {
					1E942D9B20D7D6D900C9F5AD = {
						CreatedOnToolsVersion = 9.4;
					};
					1E942DAF20D7D6DB00C9F5AD = {
						CreatedOnToolsVersion = 9.4;
						TestTargetID = 1E942D9B20D7D6D900C9F5AD;
					};
					1E942DBA20D7D6DB00C9F5AD = {
						CreatedOnToolsVersion = 9.4;
						TestTargetID = 1E942D9B20D7D6D900C9F5AD;
					};
				};
			};
			buildConfigurationList = 1E942D9720D7D6D900C9F5AD /* Build configuration list for PBXProject "ZWeatherApp" */;
			compatibilityVersion = "Xcode 9.3";
			developmentRegion = en;
			hasScannedForEncodings = 0;
			knownRegions = (
				en,
				Base,
			);
			mainGroup = 1E942D9320D7D6D900C9F5AD;
			productRefGroup = 1E942D9D20D7D6D900C9F5AD /* Products */;
			projectDirPath = "";
			projectRoot = "";
			targets = (
				1E942D9B20D7D6D900C9F5AD /* ZWeatherApp */,
				1E942DAF20D7D6DB00C9F5AD /* ZWeatherAppTests */,
				1E942DBA20D7D6DB00C9F5AD /* ZWeatherAppUITests */,
			);
		};
/* End PBXProject section */

/* Begin PBXResourcesBuildPhase section */
		1E942D9A20D7D6D900C9F5AD /* Resources */ = {
			isa = PBXResourcesBuildPhase;
			buildActionMask = 2147483647;
			files = (
				1E942DAA20D7D6DB00C9F5AD /* LaunchScreen.storyboard in Resources */,
				1E942DA720D7D6DB00C9F5AD /* Assets.xcassets in Resources */,
				1E942DA520D7D6DA00C9F5AD /* Main.storyboard in Resources */,
			);
			runOnlyForDeploymentPostprocessing = 0;
		};
		1E942DAE20D7D6DB00C9F5AD /* Resources */ = {
			isa = PBXResourcesBuildPhase;
			buildActionMask = 2147483647;
			files = (
			);
			runOnlyForDeploymentPostprocessing = 0;
		};
		1E942DB920D7D6DB00C9F5AD /* Resources */ = {
			isa = PBXResourcesBuildPhase;
			buildActionMask = 2147483647;
			files = (
			);
			runOnlyForDeploymentPostprocessing = 0;
		};
/* End PBXResourcesBuildPhase section */

/* Begin PBXSourcesBuildPhase section */
		1E942D9820D7D6D900C9F5AD /* Sources */ = {
			isa = PBXSourcesBuildPhase;
			buildActionMask = 2147483647;
			files = (
				1E942DA220D7D6DA00C9F5AD /* ViewController.swift in Sources */,
				1E942DA020D7D6DA00C9F5AD /* AppDelegate.swift in Sources */,
			);
			runOnlyForDeploymentPostprocessing = 0;
		};
		1E942DAC20D7D6DB00C9F5AD /* Sources */ = {
			isa = PBXSourcesBuildPhase;
			buildActionMask = 2147483647;
			files = (
				1E942DB520D7D6DB00C9F5AD /* ZWeatherAppTests.swift in Sources */,
			);
			runOnlyForDeploymentPostprocessing = 0;
		};
		1E942DB720D7D6DB00C9F5AD /* Sources */ = {
			isa = PBXSourcesBuildPhase;
			buildActionMask = 2147483647;
			files = (
				1E942DC020D7D6DB00C9F5AD /* ZWeatherAppUITests.swift in Sources */,
			);
			runOnlyForDeploymentPostprocessing = 0;
		};
/* End PBXSourcesBuildPhase section */

/* Begin PBXTargetDependency section */
		1E942DB220D7D6DB00C9F5AD /* PBXTargetDependency */ = {
			isa = PBXTargetDependency;
			target = 1E942D9B20D7D6D900C9F5AD /* ZWeatherApp */;
			targetProxy = 1E942DB120D7D6DB00C9F5AD /* PBXContainerItemProxy */;
		};
		1E942DBD20D7D6DB00C9F5AD /* PBXTargetDependency */ = {
			isa = PBXTargetDependency;
			target = 1E942D9B20D7D6D900C9F5AD /* ZWeatherApp */;
			targetProxy = 1E942DBC20D7D6DB00C9F5AD /* PBXContainerItemProxy */;
		};
/* End PBXTargetDependency section */

/* Begin PBXVariantGroup section */
		1E942DA320D7D6DA00C9F5AD /* Main.storyboard */ = {
			isa = PBXVariantGroup;
			children = (
				1E942DA420D7D6DA00C9F5AD /* Base */,
			);
			name = Main.storyboard;
			sourceTree = "<group>";
		};
		1E942DA820D7D6DB00C9F5AD /* LaunchScreen.storyboard */ = {
			isa = PBXVariantGroup;
			children = (
				1E942DA920D7D6DB00C9F5AD /* Base */,
			);
			name = LaunchScreen.storyboard;
			sourceTree = "<group>";
		};
/* End PBXVariantGroup section */

/* Begin XCBuildConfiguration section */
		1E942DC220D7D6DB00C9F5AD /* Debug */ = {
			isa = XCBuildConfiguration;
			buildSettings = {
				ALWAYS_SEARCH_USER_PATHS = NO;
				CLANG_ANALYZER_NONNULL = YES;
				CLANG_ANALYZER_NUMBER_OBJECT_CONVERSION = YES_AGGRESSIVE;
				CLANG_CXX_LANGUAGE_STANDARD = "gnu++14";
				CLANG_CXX_LIBRARY = "libc++";
				CLANG_ENABLE_MODULES = YES;
				CLANG_ENABLE_OBJC_ARC = YES;
				CLANG_ENABLE_OBJC_WEAK = YES;
				CLANG_WARN_BLOCK_CAPTURE_AUTORELEASING = YES;
				CLANG_WARN_BOOL_CONVERSION = YES;
				CLANG_WARN_COMMA = YES;
				CLANG_WARN_CONSTANT_CONVERSION = YES;
				CLANG_WARN_DEPRECATED_OBJC_IMPLEMENTATIONS = YES;
				CLANG_WARN_DIRECT_OBJC_ISA_USAGE = YES_ERROR;
				CLANG_WARN_DOCUMENTATION_COMMENTS = YES;
				CLANG_WARN_EMPTY_BODY = YES;
				CLANG_WARN_ENUM_CONVERSION = YES;
				CLANG_WARN_INFINITE_RECURSION = YES;
				CLANG_WARN_INT_CONVERSION = YES;
				CLANG_WARN_NON_LITERAL_NULL_CONVERSION = YES;
				CLANG_WARN_OBJC_IMPLICIT_RETAIN_SELF = YES;
				CLANG_WARN_OBJC_LITERAL_CONVERSION = YES;
				CLANG_WARN_OBJC_ROOT_CLASS = YES_ERROR;
				CLANG_WARN_RANGE_LOOP_ANALYSIS = YES;
				CLANG_WARN_STRICT_PROTOTYPES = YES;
				CLANG_WARN_SUSPICIOUS_MOVE = YES;
				CLANG_WARN_UNGUARDED_AVAILABILITY = YES_AGGRESSIVE;
				CLANG_WARN_UNREACHABLE_CODE = YES;
				CLANG_WARN__DUPLICATE_METHOD_MATCH = YES;
				CODE_SIGN_IDENTITY = "iPhone Developer";
				COPY_PHASE_STRIP = NO;
				DEBUG_INFORMATION_FORMAT = dwarf;
				ENABLE_STRICT_OBJC_MSGSEND = YES;
				ENABLE_TESTABILITY = YES;
				GCC_C_LANGUAGE_STANDARD = gnu11;
				GCC_DYNAMIC_NO_PIC = NO;
				GCC_NO_COMMON_BLOCKS = YES;
				GCC_OPTIMIZATION_LEVEL = 0;
				GCC_PREPROCESSOR_DEFINITIONS = (
					"DEBUG=1",
					"$(inherited)",
				);
				GCC_WARN_64_TO_32_BIT_CONVERSION = YES;
				GCC_WARN_ABOUT_RETURN_TYPE = YES_ERROR;
				GCC_WARN_UNDECLARED_SELECTOR = YES;
				GCC_WARN_UNINITIALIZED_AUTOS = YES_AGGRESSIVE;
				GCC_WARN_UNUSED_FUNCTION = YES;
				GCC_WARN_UNUSED_VARIABLE = YES;
				IPHONEOS_DEPLOYMENT_TARGET = 11.4;
				MTL_ENABLE_DEBUG_INFO = YES;
				ONLY_ACTIVE_ARCH = YES;
				SDKROOT = iphoneos;
				SWIFT_ACTIVE_COMPILATION_CONDITIONS = DEBUG;
				SWIFT_OPTIMIZATION_LEVEL = "-Onone";
			};
			name = Debug;
		};
		1E942DC320D7D6DB00C9F5AD /* Release */ = {
			isa = XCBuildConfiguration;
			buildSettings = {
				ALWAYS_SEARCH_USER_PATHS = NO;
				CLANG_ANALYZER_NONNULL = YES;
				CLANG_ANALYZER_NUMBER_OBJECT_CONVERSION = YES_AGGRESSIVE;
				CLANG_CXX_LANGUAGE_STANDARD = "gnu++14";
				CLANG_CXX_LIBRARY = "libc++";
				CLANG_ENABLE_MODULES = YES;
				CLANG_ENABLE_OBJC_ARC = YES;
				CLANG_ENABLE_OBJC_WEAK = YES;
				CLANG_WARN_BLOCK_CAPTURE_AUTORELEASING = YES;
				CLANG_WARN_BOOL_CONVERSION = YES;
				CLANG_WARN_COMMA = YES;
				CLANG_WARN_CONSTANT_CONVERSION = YES;
				CLANG_WARN_DEPRECATED_OBJC_IMPLEMENTATIONS = YES;
				CLANG_WARN_DIRECT_OBJC_ISA_USAGE = YES_ERROR;
				CLANG_WARN_DOCUMENTATION_COMMENTS = YES;
				CLANG_WARN_EMPTY_BODY = YES;
				CLANG_WARN_ENUM_CONVERSION = YES;
				CLANG_WARN_INFINITE_RECURSION = YES;
				CLANG_WARN_INT_CONVERSION = YES;
				CLANG_WARN_NON_LITERAL_NULL_CONVERSION = YES;
				CLANG_WARN_OBJC_IMPLICIT_RETAIN_SELF = YES;
				CLANG_WARN_OBJC_LITERAL_CONVERSION = YES;
				CLANG_WARN_OBJC_ROOT_CLASS = YES_ERROR;
				CLANG_WARN_RANGE_LOOP_ANALYSIS = YES;
				CLANG_WARN_STRICT_PROTOTYPES = YES;
				CLANG_WARN_SUSPICIOUS_MOVE = YES;
				CLANG_WARN_UNGUARDED_AVAILABILITY = YES_AGGRESSIVE;
				CLANG_WARN_UNREACHABLE_CODE = YES;
				CLANG_WARN__DUPLICATE_METHOD_MATCH = YES;
				CODE_SIGN_IDENTITY = "iPhone Developer";
				COPY_PHASE_STRIP = NO;
				DEBUG_INFORMATION_FORMAT = "dwarf-with-dsym";
				ENABLE_NS_ASSERTIONS = NO;
				ENABLE_STRICT_OBJC_MSGSEND = YES;
				GCC_C_LANGUAGE_STANDARD = gnu11;
				GCC_NO_COMMON_BLOCKS = YES;
				GCC_WARN_64_TO_32_BIT_CONVERSION = YES;
				GCC_WARN_ABOUT_RETURN_TYPE = YES_ERROR;
				GCC_WARN_UNDECLARED_SELECTOR = YES;
				GCC_WARN_UNINITIALIZED_AUTOS = YES_AGGRESSIVE;
				GCC_WARN_UNUSED_FUNCTION = YES;
				GCC_WARN_UNUSED_VARIABLE = YES;
				IPHONEOS_DEPLOYMENT_TARGET = 11.4;
				MTL_ENABLE_DEBUG_INFO = NO;
				SDKROOT = iphoneos;
				SWIFT_COMPILATION_MODE = wholemodule;
				SWIFT_OPTIMIZATION_LEVEL = "-O";
				VALIDATE_PRODUCT = YES;
			};
			name = Release;
		};
		1E942DC520D7D6DB00C9F5AD /* Debug */ = {
			isa = XCBuildConfiguration;
			buildSettings = {
				ASSETCATALOG_COMPILER_APPICON_NAME = AppIcon;
				CODE_SIGN_STYLE = Automatic;
				DEVELOPMENT_TEAM = 2RA5LSHPUJ;
				INFOPLIST_FILE = ZWeatherApp/Info.plist;
				LD_RUNPATH_SEARCH_PATHS = (
					"$(inherited)",
					"@executable_path/Frameworks",
				);
				PRODUCT_BUNDLE_IDENTIFIER = zhgchgli.ZWeatherApp;
				PRODUCT_NAME = "$(TARGET_NAME)";
				SWIFT_VERSION = 4.0;
				TARGETED_DEVICE_FAMILY = "1,2";
			};
			name = Debug;
		};
		1E942DC620D7D6DB00C9F5AD /* Release */ = {
			isa = XCBuildConfiguration;
			buildSettings = {
				ASSETCATALOG_COMPILER_APPICON_NAME = AppIcon;
				CODE_SIGN_STYLE = Automatic;
				DEVELOPMENT_TEAM = 2RA5LSHPUJ;
				INFOPLIST_FILE = ZWeatherApp/Info.plist;
				LD_RUNPATH_SEARCH_PATHS = (
					"$(inherited)",
					"@executable_path/Frameworks",
				);
				PRODUCT_BUNDLE_IDENTIFIER = zhgchgli.ZWeatherApp;
				PRODUCT_NAME = "$(TARGET_NAME)";
				SWIFT_VERSION = 4.0;
				TARGETED_DEVICE_FAMILY = "1,2";
			};
			name = Release;
		};
		1E942DC820D7D6DB00C9F5AD /* Debug */ = {
			isa = XCBuildConfiguration;
			buildSettings = {
				ALWAYS_EMBED_SWIFT_STANDARD_LIBRARIES = YES;
				BUNDLE_LOADER = "$(TEST_HOST)";
				CODE_SIGN_STYLE = Automatic;
				DEVELOPMENT_TEAM = 2RA5LSHPUJ;
				INFOPLIST_FILE = ZWeatherAppTests/Info.plist;
				LD_RUNPATH_SEARCH_PATHS = (
					"$(inherited)",
					"@executable_path/Frameworks",
					"@loader_path/Frameworks",
				);
				PRODUCT_BUNDLE_IDENTIFIER = zhgchgli.ZWeatherAppTests;
				PRODUCT_NAME = "$(TARGET_NAME)";
				SWIFT_VERSION = 4.0;
				TARGETED_DEVICE_FAMILY = "1,2";
				TEST_HOST = "$(BUILT_PRODUCTS_DIR)/ZWeatherApp.app/ZWeatherApp";
			};
			name = Debug;
		};
		1E942DC920D7D6DB00C9F5AD /* Release */ = {
			isa = XCBuildConfiguration;
			buildSettings = {
				ALWAYS_EMBED_SWIFT_STANDARD_LIBRARIES = YES;
				BUNDLE_LOADER = "$(TEST_HOST)";
				CODE_SIGN_STYLE = Automatic;
				DEVELOPMENT_TEAM = 2RA5LSHPUJ;
				INFOPLIST_FILE = ZWeatherAppTests/Info.plist;
				LD_RUNPATH_SEARCH_PATHS = (
					"$(inherited)",
					"@executable_path/Frameworks",
					"@loader_path/Frameworks",
				);
				PRODUCT_BUNDLE_IDENTIFIER = zhgchgli.ZWeatherAppTests;
				PRODUCT_NAME = "$(TARGET_NAME)";
				SWIFT_VERSION = 4.0;
				TARGETED_DEVICE_FAMILY = "1,2";
				TEST_HOST = "$(BUILT_PRODUCTS_DIR)/ZWeatherApp.app/ZWeatherApp";
			};
			name = Release;
		};
		1E942DCB20D7D6DB00C9F5AD /* Debug */ = {
			isa = XCBuildConfiguration;
			buildSettings = {
				ALWAYS_EMBED_SWIFT_STANDARD_LIBRARIES = YES;
				CODE_SIGN_STYLE = Automatic;
				DEVELOPMENT_TEAM = 2RA5LSHPUJ;
				INFOPLIST_FILE = ZWeatherAppUITests/Info.plist;
				LD_RUNPATH_SEARCH_PATHS = (
					"$(inherited)",
					"@executable_path/Frameworks",
					"@loader_path/Frameworks",
				);
				PRODUCT_BUNDLE_IDENTIFIER = zhgchgli.ZWeatherAppUITests;
				PRODUCT_NAME = "$(TARGET_NAME)";
				SWIFT_VERSION = 4.0;
				TARGETED_DEVICE_FAMILY = "1,2";
				TEST_TARGET_NAME = ZWeatherApp;
			};
			name = Debug;
		};
		1E942DCC20D7D6DB00C9F5AD /* Release */ = {
			isa = XCBuildConfiguration;
			buildSettings = {
				ALWAYS_EMBED_SWIFT_STANDARD_LIBRARIES = YES;
				CODE_SIGN_STYLE = Automatic;
				DEVELOPMENT_TEAM = 2RA5LSHPUJ;
				INFOPLIST_FILE = ZWeatherAppUITests/Info.plist;
				LD_RUNPATH_SEARCH_PATHS = (
					"$(inherited)",
					"@executable_path/Frameworks",
					"@loader_path/Frameworks",
				);
				PRODUCT_BUNDLE_IDENTIFIER = zhgchgli.ZWeatherAppUITests;
				PRODUCT_NAME = "$(TARGET_NAME)";
				SWIFT_VERSION = 4.0;
				TARGETED_DEVICE_FAMILY = "1,2";
				TEST_TARGET_NAME = ZWeatherApp;
			};
			name = Release;
		};
/* End XCBuildConfiguration section */

/* Begin XCConfigurationList section */
		1E942D9720D7D6D900C9F5AD /* Build configuration list for PBXProject "ZWeatherApp" */ = {
			isa = XCConfigurationList;
			buildConfigurations = (
				1E942DC220D7D6DB00C9F5AD /* Debug */,
				1E942DC320D7D6DB00C9F5AD /* Release */,
			);
			defaultConfigurationIsVisible = 0;
			defaultConfigurationName = Release;
		};
		1E942DC420D7D6DB00C9F5AD /* Build configuration list for PBXNativeTarget "ZWeatherApp" */ = {
			isa = XCConfigurationList;
			buildConfigurations = (
				1E942DC520D7D6DB00C9F5AD /* Debug */,
				1E942DC620D7D6DB00C9F5AD /* Release */,
			);
			defaultConfigurationIsVisible = 0;
			defaultConfigurationName = Release;
		};
		1E942DC720D7D6DB00C9F5AD /* Build configuration list for PBXNativeTarget "ZWeatherAppTests" */ = {
			isa = XCConfigurationList;
			buildConfigurations = (
				1E942DC820D7D6DB00C9F5AD /* Debug */,
				1E942DC920D7D6DB00C9F5AD /* Release */,
			);
			defaultConfigurationIsVisible = 0;
			defaultConfigurationName = Release;
		};
		1E942DCA20D7D6DB00C9F5AD /* Build configuration list for PBXNativeTarget "ZWeatherAppUITests" */ = {
			isa = XCConfigurationList;
			buildConfigurations = (
				1E942DCB20D7D6DB00C9F5AD /* Debug */,
				1E942DCC20D7D6DB00C9F5AD /* Release */,
			);
			defaultConfigurationIsVisible = 0;
			defaultConfigurationName = Release;
		};
/* End XCConfigurationList section */
	};
	rootObject = 1E942D9420D7D6D900C9F5AD /* Project object */;
}
